
Microsoft Visual Studio Solution File, Format Version 12.00
# Visual Studio 15
VisualStudioVersion = 15.0.27703.2018
MinimumVisualStudioVersion = 10.0.40219.1
Project("{8BC9CEB8-8B4A-11D0-8D11-00A0C91BC942}") = "LinearSearch", "LinearSearch\LinearSearch.vcxproj", "{15D1A00F-6B01-4147-821B-C4C6494B8136}"
EndProject
Project("{8BC9CEB8-8B4A-11D0-8D11-00A0C91BC942}") = "BinarySearch", "BinarySearch\BinarySearch.vcxproj", "{9BD4054A-443B-4157-98FA-9EC33BCCE011}"
EndProject
Project("{8BC9CEB8-8B4A-11D0-8D11-00A0C91BC942}") = "BSWorstOpCount", "BSWorstOpCount\BSWorstOpCount.vcxproj", "{E8F2B839-640C-41A6-B410-B1A0E7585567}"
EndProject
Global
	GlobalSection(SolutionConfigurationPlatforms) = preSolution
		Debug|x64 = Debug|x64
		Debug|x86 = Debug|x86
		Release|x64 = Release|x64
		Release|x86 = Release|x86
	EndGlobalSection
	GlobalSection(ProjectConfigurationPlatforms) = postSolution
		{15D1A00F-6B01-4147-821B-C4C6494B8136}.Debug|x64.ActiveCfg = Debug|x64
		{15D1A00F-6B01-4147-821B-C4C6494B8136}.Debug|x64.Build.0 = Debug|x64
		{15D1A00F-6B01-4147-821B-C4C6494B8136}.Debug|x86.ActiveCfg = Debug|Win32
		{15D1A00F-6B01-4147-821B-C4C6494B8136}.Debug|x86.Build.0 = Debug|Win32
		{15D1A00F-6B01-4147-821B-C4C6494B8136}.Release|x64.ActiveCfg = Release|x64
		{15D1A00F-6B01-4147-821B-C4C6494B8136}.Release|x64.Build.0 = Release|x64
		{15D1A00F-6B01-4147-821B-C4C6494B8136}.Release|x86.ActiveCfg = Release|Win32
		{15D1A00F-6B01-4147-821B-C4C6494B8136}.Release|x86.Build.0 = Release|Win32
		{9BD4054A-443B-4157-98FA-9EC33BCCE011}.Debug|x64.ActiveCfg = Debug|x64
		{9BD4054A-443B-4157-98FA-9EC33BCCE011}.Debug|x64.Build.0 = Debug|x64
		{9BD4054A-443B-4157-98FA-9EC33BCCE011}.Debug|x86.ActiveCfg = Debug|Win32
		{9BD4054A-443B-4157-98FA-9EC33BCCE011}.Debug|x86.Build.0 = Debug|Win32
		{9BD4054A-443B-4157-98FA-9EC33BCCE011}.Release|x64.ActiveCfg = Release|x64
		{9BD4054A-443B-4157-98FA-9EC33BCCE011}.Release|x64.Build.0 = Release|x64
		{9BD4054A-443B-4157-98FA-9EC33BCCE011}.Release|x86.ActiveCfg = Release|Win32
		{9BD4054A-443B-4157-98FA-9EC33BCCE011}.Release|x86.Build.0 = Release|Win32
		{E8F2B839-640C-41A6-B410-B1A0E7585567}.Debug|x64.ActiveCfg = Debug|x64
		{E8F2B839-640C-41A6-B410-B1A0E7585567}.Debug|x64.Build.0 = Debug|x64
		{E8F2B839-640C-41A6-B410-B1A0E7585567}.Debug|x86.ActiveCfg = Debug|Win32
		{E8F2B839-640C-41A6-B410-B1A0E7585567}.Debug|x86.Build.0 = Debug|Win32
		{E8F2B839-640C-41A6-B410-B1A0E7585567}.Release|x64.ActiveCfg = Release|x64
		{E8F2B839-640C-41A6-B410-B1A0E7585567}.Release|x64.Build.0 = Release|x64
		{E8F2B839-640C-41A6-B410-B1A0E7585567}.Release|x86.ActiveCfg = Release|Win32
		{E8F2B839-640C-41A6-B410-B1A0E7585567}.Release|x86.Build.0 = Release|Win32
	EndGlobalSection
	GlobalSection(SolutionProperties) = preSolution
		HideSolutionNode = FALSE
	EndGlobalSection
	GlobalSection(ExtensibilityGlobals) = postSolution
		SolutionGuid = {D612DFD7-15BB-4525-9C7A-334EE70C041B}
	EndGlobalSection
EndGlobal
